
Microsoft Visual Studio Solution File, Format Version 12.00
# Visual Studio Version 17
VisualStudioVersion = 17.4.33213.308
MinimumVisualStudioVersion = 10.0.40219.1
Project("{9A19103F-16F7-4668-BE54-9A1E7A4F7556}") = "AnyRadiance", "AnyRadiance.csproj", "{180DBF0E-07E9-47FD-B43C-4308C193168A}"
EndProject
Global
	GlobalSection(SolutionConfigurationPlatforms) = preSolution
		Debug|Any CPU = Debug|Any CPU
		Release|Any CPU = Release|Any CPU
	EndGlobalSection
	GlobalSection(ProjectConfigurationPlatforms) = postSolution
		{180DBF0E-07E9-47FD-B43C-4308C193168A}.Debug|Any CPU.ActiveCfg = Debug|Any CPU
		{180DBF0E-07E9-47FD-B43C-4308C193168A}.Debug|Any CPU.Build.0 = Debug|Any CPU
		{180DBF0E-07E9-47FD-B43C-4308C193168A}.Release|Any CPU.ActiveCfg = Release|Any CPU
		{180DBF0E-07E9-47FD-B43C-4308C193168A}.Release|Any CPU.Build.0 = Release|Any CPU
	EndGlobalSection
	GlobalSection(SolutionProperties) = preSolution
		HideSolutionNode = FALSE
	EndGlobalSection
	GlobalSection(ExtensibilityGlobals) = postSolution
		SolutionGuid = {EE2BDC29-8D38-4AB7-A0F1-968B36025737}
	EndGlobalSection
EndGlobal
